
Microsoft Visual Studio Solution File, Format Version 12.00
# Visual Studio Version 16
VisualStudioVersion = 16.0.31112.23
MinimumVisualStudioVersion = 10.0.40219.1
Project("{8BC9CEB8-8B4A-11D0-8D11-00A0C91BC942}") = "leetcode3", "leetcode3\leetcode3.vcxproj", "{CB3D9025-295D-480F-B463-850BB06BC1CA}"
EndProject
Global
	GlobalSection(SolutionConfigurationPlatforms) = preSolution
		Debug|x64 = Debug|x64
		Debug|x86 = Debug|x86
		Release|x64 = Release|x64
		Release|x86 = Release|x86
	EndGlobalSection
	GlobalSection(ProjectConfigurationPlatforms) = postSolution
		{CB3D9025-295D-480F-B463-850BB06BC1CA}.Debug|x64.ActiveCfg = Debug|x64
		{CB3D9025-295D-480F-B463-850BB06BC1CA}.Debug|x64.Build.0 = Debug|x64
		{CB3D9025-295D-480F-B463-850BB06BC1CA}.Debug|x86.ActiveCfg = Debug|Win32
		{CB3D9025-295D-480F-B463-850BB06BC1CA}.Debug|x86.Build.0 = Debug|Win32
		{CB3D9025-295D-480F-B463-850BB06BC1CA}.Release|x64.ActiveCfg = Release|x64
		{CB3D9025-295D-480F-B463-850BB06BC1CA}.Release|x64.Build.0 = Release|x64
		{CB3D9025-295D-480F-B463-850BB06BC1CA}.Release|x86.ActiveCfg = Release|Win32
		{CB3D9025-295D-480F-B463-850BB06BC1CA}.Release|x86.Build.0 = Release|Win32
	EndGlobalSection
	GlobalSection(SolutionProperties) = preSolution
		HideSolutionNode = FALSE
	EndGlobalSection
	GlobalSection(ExtensibilityGlobals) = postSolution
		SolutionGuid = {E2EF3020-D01F-44F0-AF46-0B667C93AEFD}
	EndGlobalSection
EndGlobal
